
Microsoft Visual Studio Solution File, Format Version 12.00
# Visual Studio 14
VisualStudioVersion = 14.0.25123.0
MinimumVisualStudioVersion = 10.0.40219.1
Project("{FAE04EC0-301F-11D3-BF4B-00C04F79EFBC}") = "ReedSolomon", "ReedSolomon.csproj", "{28BE6B4F-516B-49A6-9DB9-8CA498818667}"
EndProject
Project("{FAE04EC0-301F-11D3-BF4B-00C04F79EFBC}") = "ReedSolomonTests", "..\ReedSolomonTests\ReedSolomonTests.csproj", "{2773AB56-EE74-41D9-8792-493C5B3B877F}"
EndProject
Global
	GlobalSection(SolutionConfigurationPlatforms) = preSolution
		Debug|Any CPU = Debug|Any CPU
		Release|Any CPU = Release|Any CPU
	EndGlobalSection
	GlobalSection(ProjectConfigurationPlatforms) = postSolution
		{28BE6B4F-516B-49A6-9DB9-8CA498818667}.Debug|Any CPU.ActiveCfg = Debug|Any CPU
		{28BE6B4F-516B-49A6-9DB9-8CA498818667}.Debug|Any CPU.Build.0 = Debug|Any CPU
		{28BE6B4F-516B-49A6-9DB9-8CA498818667}.Release|Any CPU.ActiveCfg = Release|Any CPU
		{28BE6B4F-516B-49A6-9DB9-8CA498818667}.Release|Any CPU.Build.0 = Release|Any CPU
		{2773AB56-EE74-41D9-8792-493C5B3B877F}.Debug|Any CPU.ActiveCfg = Debug|Any CPU
		{2773AB56-EE74-41D9-8792-493C5B3B877F}.Debug|Any CPU.Build.0 = Debug|Any CPU
		{2773AB56-EE74-41D9-8792-493C5B3B877F}.Release|Any CPU.ActiveCfg = Release|Any CPU
		{2773AB56-EE74-41D9-8792-493C5B3B877F}.Release|Any CPU.Build.0 = Release|Any CPU
	EndGlobalSection
	GlobalSection(SolutionProperties) = preSolution
		HideSolutionNode = FALSE
	EndGlobalSection
EndGlobal
